// !$*UTF8*$!
{
	archiveVersion = 1;
	classes = {
	};
	objectVersion = 46;
	objects = {

/* Begin PBXBuildFile section */
		ABBEE5B51A130BE800B3AA1C /* Foundation.framework in Frameworks */ = {isa = PBXBuildFile; fileRef = ABBEE5B41A130BE800B3AA1C /* Foundation.framework */; };
		ABBEE5B71A130BE800B3AA1C /* CoreGraphics.framework in Frameworks */ = {isa = PBXBuildFile; fileRef = ABBEE5B61A130BE800B3AA1C /* CoreGraphics.framework */; };
		ABBEE5B91A130BE800B3AA1C /* UIKit.framework in Frameworks */ = {isa = PBXBuildFile; fileRef = ABBEE5B81A130BE800B3AA1C /* UIKit.framework */; };
		ABBEE5BF1A130BE800B3AA1C /* InfoPlist.strings in Resources */ = {isa = PBXBuildFile; fileRef = ABBEE5BD1A130BE800B3AA1C /* InfoPlist.strings */; };
		ABBEE5C11A130BE800B3AA1C /* main.m in Sources */ = {isa = PBXBuildFile; fileRef = ABBEE5C01A130BE800B3AA1C /* main.m */; };
		ABBEE5C51A130BE800B3AA1C /* AppDelegate.m in Sources */ = {isa = PBXBuildFile; fileRef = ABBEE5C41A130BE800B3AA1C /* AppDelegate.m */; };
		ABBEE5C81A130BE800B3AA1C /* Main.storyboard in Resources */ = {isa = PBXBuildFile; fileRef = ABBEE5C61A130BE800B3AA1C /* Main.storyboard */; };
		ABBEE5CD1A130BE800B3AA1C /* Images.xcassets in Resources */ = {isa = PBXBuildFile; fileRef = ABBEE5CC1A130BE800B3AA1C /* Images.xcassets */; };
		ABBEE5D41A130BE800B3AA1C /* XCTest.framework in Frameworks */ = {isa = PBXBuildFile; fileRef = ABBEE5D31A130BE800B3AA1C /* XCTest.framework */; };
		ABBEE5D51A130BE800B3AA1C /* Foundation.framework in Frameworks */ = {isa = PBXBuildFile; fileRef = ABBEE5B41A130BE800B3AA1C /* Foundation.framework */; };
		ABBEE5D61A130BE800B3AA1C /* UIKit.framework in Frameworks */ = {isa = PBXBuildFile; fileRef = ABBEE5B81A130BE800B3AA1C /* UIKit.framework */; };
		ABBEE5DE1A130BE800B3AA1C /* InfoPlist.strings in Resources */ = {isa = PBXBuildFile; fileRef = ABBEE5DC1A130BE800B3AA1C /* InfoPlist.strings */; };
		ABBEE5E01A130BE800B3AA1C /* FBButlerIpadTests.m in Sources */ = {isa = PBXBuildFile; fileRef = ABBEE5DF1A130BE800B3AA1C /* FBButlerIpadTests.m */; };
		ABBEE6021A13103F00B3AA1C /* GuestSideHomeImage.jpg in Resources */ = {isa = PBXBuildFile; fileRef = ABBEE5F41A13103F00B3AA1C /* GuestSideHomeImage.jpg */; };
		ABBEE6031A13103F00B3AA1C /* JWMarriottLogo.png in Resources */ = {isa = PBXBuildFile; fileRef = ABBEE5F61A13103F00B3AA1C /* JWMarriottLogo.png */; };
		ABBEE6041A13103F00B3AA1C /* JWMarriottLogo.psd in Resources */ = {isa = PBXBuildFile; fileRef = ABBEE5F71A13103F00B3AA1C /* JWMarriottLogo.psd */; };
		ABBEE6051A13103F00B3AA1C /* NavBar_J.W.MarriottMenuGuide in Resources */ = {isa = PBXBuildFile; fileRef = ABBEE5F91A13103F00B3AA1C /* NavBar_J.W.MarriottMenuGuide */; };
		ABBEE6061A13103F00B3AA1C /* NavBar_J.W.MarriottMenuGuide.png in Resources */ = {isa = PBXBuildFile; fileRef = ABBEE5FA1A13103F00B3AA1C /* NavBar_J.W.MarriottMenuGuide.png */; };
		ABBEE6071A13103F00B3AA1C /* NavBar_J.W.png in Resources */ = {isa = PBXBuildFile; fileRef = ABBEE5FB1A13103F00B3AA1C /* NavBar_J.W.png */; };
		ABBEE6081A13103F00B3AA1C /* NavBarBackground.png in Resources */ = {isa = PBXBuildFile; fileRef = ABBEE5FD1A13103F00B3AA1C /* NavBarBackground.png */; };
		ABBEE60A1A13103F00B3AA1C /* Page1_RestaurantButton.png in Resources */ = {isa = PBXBuildFile; fileRef = ABBEE6001A13103F00B3AA1C /* Page1_RestaurantButton.png */; };
		ABBEE6141A1315A000B3AA1C /* Login.m in Sources */ = {isa = PBXBuildFile; fileRef = ABBEE6131A1315A000B3AA1C /* Login.m */; };
		ABBEE6171A13166F00B3AA1C /* MenuGuide.m in Sources */ = {isa = PBXBuildFile; fileRef = ABBEE6161A13166F00B3AA1C /* MenuGuide.m */; };
		ABCBAD4F1A13352800FA9401 /* CustomCellMenuGuide.m in Sources */ = {isa = PBXBuildFile; fileRef = ABCBAD4E1A13352800FA9401 /* CustomCellMenuGuide.m */; };
		ABCBAD521A134BB600FA9401 /* MenuView.m in Sources */ = {isa = PBXBuildFile; fileRef = ABCBAD511A134BB600FA9401 /* MenuView.m */; };
		ABCBADA31A134E8200FA9401 /* DivideDots.png in Resources */ = {isa = PBXBuildFile; fileRef = ABCBAD561A134E8200FA9401 /* DivideDots.png */; };
		ABCBADA41A134E8200FA9401 /* DivideDots.psd in Resources */ = {isa = PBXBuildFile; fileRef = ABCBAD571A134E8200FA9401 /* DivideDots.psd */; };
		ABCBADA51A134E8200FA9401 /* GrayOutMenuItem.png in Resources */ = {isa = PBXBuildFile; fileRef = ABCBAD591A134E8200FA9401 /* GrayOutMenuItem.png */; };
		ABCBADA61A134E8200FA9401 /* GrayOutMenuItem.psd in Resources */ = {isa = PBXBuildFile; fileRef = ABCBAD5A1A134E8200FA9401 /* GrayOutMenuItem.psd */; };
		ABCBADA71A134E8200FA9401 /* HomeNavButton.png in Resources */ = {isa = PBXBuildFile; fileRef = ABCBAD5C1A134E8200FA9401 /* HomeNavButton.png */; };
		ABCBADA81A134E8200FA9401 /* HomeNavButton.psd in Resources */ = {isa = PBXBuildFile; fileRef = ABCBAD5D1A134E8200FA9401 /* HomeNavButton.psd */; };
		ABCBADA91A134E8200FA9401 /* AntipastiMisti.jpg in Resources */ = {isa = PBXBuildFile; fileRef = ABCBAD5F1A134E8200FA9401 /* AntipastiMisti.jpg */; };
		ABCBADAA1A134E8200FA9401 /* MusselsAlForno2.jpg in Resources */ = {isa = PBXBuildFile; fileRef = ABCBAD601A134E8200FA9401 /* MusselsAlForno2.jpg */; };
		ABCBADAB1A134E8200FA9401 /* OystersRockefeller.jpg in Resources */ = {isa = PBXBuildFile; fileRef = ABCBAD611A134E8200FA9401 /* OystersRockefeller.jpg */; };
		ABCBADAC1A134E8200FA9401 /* PrimoLettuces.jpg in Resources */ = {isa = PBXBuildFile; fileRef = ABCBAD621A134E8200FA9401 /* PrimoLettuces.jpg */; };
		ABCBADAD1A134E8200FA9401 /* WagyuBeefTartare.jpg in Resources */ = {isa = PBXBuildFile; fileRef = ABCBAD631A134E8200FA9401 /* WagyuBeefTartare.jpg */; };
		ABCBADAE1A134E8200FA9401 /* WildMushroomTart.jpg in Resources */ = {isa = PBXBuildFile; fileRef = ABCBAD641A134E8200FA9401 /* WildMushroomTart.jpg */; };
		ABCBADAF1A134E8200FA9401 /* WineBraisedOctopus.jpg in Resources */ = {isa = PBXBuildFile; fileRef = ABCBAD651A134E8200FA9401 /* WineBraisedOctopus.jpg */; };
		ABCBADB01A134E8200FA9401 /* ItemName_MusselForno_Orange.png in Resources */ = {isa = PBXBuildFile; fileRef = ABCBAD671A134E8200FA9401 /* ItemName_MusselForno_Orange.png */; };
		ABCBADB11A134E8200FA9401 /* ItemName_MusselForno_Orange.psd in Resources */ = {isa = PBXBuildFile; fileRef = ABCBAD681A134E8200FA9401 /* ItemName_MusselForno_Orange.psd */; };
		ABCBADB21A134E8200FA9401 /* ItemName_OystersRocke_Beige.png in Resources */ = {isa = PBXBuildFile; fileRef = ABCBAD691A134E8200FA9401 /* ItemName_OystersRocke_Beige.png */; };
		ABCBADB31A134E8200FA9401 /* ItemName_OystersRocke_Beige.psd in Resources */ = {isa = PBXBuildFile; fileRef = ABCBAD6A1A134E8200FA9401 /* ItemName_OystersRocke_Beige.psd */; };
		ABCBADB41A134E8200FA9401 /* ItemName_OystersRocke_Orange.png in Resources */ = {isa = PBXBuildFile; fileRef = ABCBAD6B1A134E8200FA9401 /* ItemName_OystersRocke_Orange.png */; };
		ABCBADB51A134E8200FA9401 /* ItemName_OystersRocke_Orange.psd in Resources */ = {isa = PBXBuildFile; fileRef = ABCBAD6C1A134E8200FA9401 /* ItemName_OystersRocke_Orange.psd */; };
		ABCBADB61A134E8200FA9401 /* ItemName_PrimoLettuce_Beige.png in Resources */ = {isa = PBXBuildFile; fileRef = ABCBAD6D1A134E8200FA9401 /* ItemName_PrimoLettuce_Beige.png */; };
		ABCBADB71A134E8200FA9401 /* ItemName_PrimoLettuce_Beige.psd in Resources */ = {isa = PBXBuildFile; fileRef = ABCBAD6E1A134E8200FA9401 /* ItemName_PrimoLettuce_Beige.psd */; };
		ABCBADB81A134E8200FA9401 /* ItemName_PrimoLettuce_Orange.png in Resources */ = {isa = PBXBuildFile; fileRef = ABCBAD6F1A134E8200FA9401 /* ItemName_PrimoLettuce_Orange.png */; };
		ABCBADB91A134E8200FA9401 /* ItemName_PrimoLettuce_Orange.psd in Resources */ = {isa = PBXBuildFile; fileRef = ABCBAD701A134E8200FA9401 /* ItemName_PrimoLettuce_Orange.psd */; };
		ABCBADBA1A134E8200FA9401 /* ItemName_BlankTab_Beige.png in Resources */ = {isa = PBXBuildFile; fileRef = ABCBAD721A134E8200FA9401 /* ItemName_BlankTab_Beige.png */; };
		ABCBADBB1A134E8200FA9401 /* ItemName_BlankTab_Beige.psd in Resources */ = {isa = PBXBuildFile; fileRef = ABCBAD731A134E8200FA9401 /* ItemName_BlankTab_Beige.psd */; };
		ABCBADBC1A134E8200FA9401 /* ItemName_BlankTab_Orange.png in Resources */ = {isa = PBXBuildFile; fileRef = ABCBAD751A134E8200FA9401 /* ItemName_BlankTab_Orange.png */; };
		ABCBADBD1A134E8200FA9401 /* ItemName_BlankTab_Orange.psd in Resources */ = {isa = PBXBuildFile; fileRef = ABCBAD761A134E8200FA9401 /* ItemName_BlankTab_Orange.psd */; };
		ABCBADBE1A134E8200FA9401 /* ItemNames_AntipastiMisti_Orange.png in Resources */ = {isa = PBXBuildFile; fileRef = ABCBAD771A134E8200FA9401 /* ItemNames_AntipastiMisti_Orange.png */; };
		ABCBADBF1A134E8200FA9401 /* ItemNames_AntipastiMisti_Orange.psd in Resources */ = {isa = PBXBuildFile; fileRef = ABCBAD781A134E8200FA9401 /* ItemNames_AntipastiMisti_Orange.psd */; };
		ABCBADC01A134E8200FA9401 /* ItemNames_MusselsForno_Beige.png in Resources */ = {isa = PBXBuildFile; fileRef = ABCBAD791A134E8200FA9401 /* ItemNames_MusselsForno_Beige.png */; };
		ABCBADC11A134E8200FA9401 /* ItemNames_MusselsForno_Beige.psd in Resources */ = {isa = PBXBuildFile; fileRef = ABCBAD7A1A134E8200FA9401 /* ItemNames_MusselsForno_Beige.psd */; };
		ABCBADC21A134E8200FA9401 /* Page2_ItemName_AntipastiMisti_Beige.png in Resources */ = {isa = PBXBuildFile; fileRef = ABCBAD7B1A134E8200FA9401 /* Page2_ItemName_AntipastiMisti_Beige.png */; };
		ABCBADC31A134E8200FA9401 /* Page2_ItemName_AntipastiMisti_Beige.psd in Resources */ = {isa = PBXBuildFile; fileRef = ABCBAD7C1A134E8200FA9401 /* Page2_ItemName_AntipastiMisti_Beige.psd */; };
		ABCBADC61A134E8200FA9401 /* NavBar_Primo.png in Resources */ = {isa = PBXBuildFile; fileRef = ABCBAD811A134E8200FA9401 /* NavBar_Primo.png */; };
		ABCBADC71A134E8200FA9401 /* NavBar_Primo.psd in Resources */ = {isa = PBXBuildFile; fileRef = ABCBAD821A134E8200FA9401 /* NavBar_Primo.psd */; };
		ABCBADC81A134E8200FA9401 /* ReviewStars_2.png in Resources */ = {isa = PBXBuildFile; fileRef = ABCBAD841A134E8200FA9401 /* ReviewStars_2.png */; };
		ABCBADC91A134E8200FA9401 /* ReviewStars_2.psd in Resources */ = {isa = PBXBuildFile; fileRef = ABCBAD851A134E8200FA9401 /* ReviewStars_2.psd */; };
		ABCBADCA1A134E8200FA9401 /* ReviewStars_3.png in Resources */ = {isa = PBXBuildFile; fileRef = ABCBAD871A134E8200FA9401 /* ReviewStars_3.png */; };
		ABCBADCB1A134E8200FA9401 /* ReviewStars_3.psd in Resources */ = {isa = PBXBuildFile; fileRef = ABCBAD881A134E8200FA9401 /* ReviewStars_3.psd */; };
		ABCBADCC1A134E8200FA9401 /* ReviewStars_4.png in Resources */ = {isa = PBXBuildFile; fileRef = ABCBAD8A1A134E8200FA9401 /* ReviewStars_4.png */; };
		ABCBADCD1A134E8200FA9401 /* ReviewStars_4.psd in Resources */ = {isa = PBXBuildFile; fileRef = ABCBAD8B1A134E8200FA9401 /* ReviewStars_4.psd */; };
		ABCBADCE1A134E8200FA9401 /* ReviewStars_5.png in Resources */ = {isa = PBXBuildFile; fileRef = ABCBAD8D1A134E8200FA9401 /* ReviewStars_5.png */; };
		ABCBADCF1A134E8200FA9401 /* ReviewStars_5.psd in Resources */ = {isa = PBXBuildFile; fileRef = ABCBAD8E1A134E8200FA9401 /* ReviewStars_5.psd */; };
		ABCBADD01A134E8200FA9401 /* AppetizerTab_Beige.png in Resources */ = {isa = PBXBuildFile; fileRef = ABCBAD901A134E8200FA9401 /* AppetizerTab_Beige.png */; };
		ABCBADD11A134E8200FA9401 /* AppetizerTab_Beige.psd in Resources */ = {isa = PBXBuildFile; fileRef = ABCBAD911A134E8200FA9401 /* AppetizerTab_Beige.psd */; };
		ABCBADD21A134E8200FA9401 /* AppetizerTab_Orange.png in Resources */ = {isa = PBXBuildFile; fileRef = ABCBAD921A134E8200FA9401 /* AppetizerTab_Orange.png */; };
		ABCBADD31A134E8200FA9401 /* AppetizerTab_Orange.psd in Resources */ = {isa = PBXBuildFile; fileRef = ABCBAD931A134E8200FA9401 /* AppetizerTab_Orange.psd */; };
		ABCBADD41A134E8200FA9401 /* BeverageTab_Beige.png in Resources */ = {isa = PBXBuildFile; fileRef = ABCBAD941A134E8200FA9401 /* BeverageTab_Beige.png */; };
		ABCBADD51A134E8200FA9401 /* BeverageTab_Beige.psd in Resources */ = {isa = PBXBuildFile; fileRef = ABCBAD951A134E8200FA9401 /* BeverageTab_Beige.psd */; };
		ABCBADD61A134E8200FA9401 /* BeverageTab_Orange.png in Resources */ = {isa = PBXBuildFile; fileRef = ABCBAD961A134E8200FA9401 /* BeverageTab_Orange.png */; };
		ABCBADD71A134E8200FA9401 /* BeverageTab_Orange.psd in Resources */ = {isa = PBXBuildFile; fileRef = ABCBAD971A134E8200FA9401 /* BeverageTab_Orange.psd */; };
		ABCBADD81A134E8200FA9401 /* EntreeTab_Beige.png in Resources */ = {isa = PBXBuildFile; fileRef = ABCBAD981A134E8200FA9401 /* EntreeTab_Beige.png */; };
		ABCBADD91A134E8200FA9401 /* EntreeTab_Beige.psd in Resources */ = {isa = PBXBuildFile; fileRef = ABCBAD991A134E8200FA9401 /* EntreeTab_Beige.psd */; };
		ABCBADDA1A134E8200FA9401 /* EntreeTab_Orange.png in Resources */ = {isa = PBXBuildFile; fileRef = ABCBAD9A1A134E8200FA9401 /* EntreeTab_Orange.png */; };
		ABCBADDB1A134E8200FA9401 /* EntreeTab_Orange.psd in Resources */ = {isa = PBXBuildFile; fileRef = ABCBAD9B1A134E8200FA9401 /* EntreeTab_Orange.psd */; };
		ABCBADDC1A134E8200FA9401 /* PastaTab_Beige.png in Resources */ = {isa = PBXBuildFile; fileRef = ABCBAD9C1A134E8200FA9401 /* PastaTab_Beige.png */; };
		ABCBADDD1A134E8200FA9401 /* PastaTab_Beige.psd in Resources */ = {isa = PBXBuildFile; fileRef = ABCBAD9D1A134E8200FA9401 /* PastaTab_Beige.psd */; };
		ABCBADDE1A134E8200FA9401 /* PastaTab_Orange.png in Resources */ = {isa = PBXBuildFile; fileRef = ABCBAD9E1A134E8200FA9401 /* PastaTab_Orange.png */; };
		ABCBADDF1A134E8200FA9401 /* PastaTab_Orange.psd in Resources */ = {isa = PBXBuildFile; fileRef = ABCBAD9F1A134E8200FA9401 /* PastaTab_Orange.psd */; };
		ABCBADE01A134E8200FA9401 /* WhiteBackButton.png in Resources */ = {isa = PBXBuildFile; fileRef = ABCBADA11A134E8200FA9401 /* WhiteBackButton.png */; };
		ABCBADE11A134E8200FA9401 /* WhiteBackButton.psd in Resources */ = {isa = PBXBuildFile; fileRef = ABCBADA21A134E8200FA9401 /* WhiteBackButton.psd */; };
		ABCBADE41A13A4EB00FA9401 /* ItemCell.m in Sources */ = {isa = PBXBuildFile; fileRef = ABCBADE31A13A4EB00FA9401 /* ItemCell.m */; };
		ABED2C2B1A2BE10A00947B47 /* ReviewSectionImage.png in Resources */ = {isa = PBXBuildFile; fileRef = ABED2C2A1A2BE10A00947B47 /* ReviewSectionImage.png */; };
/* End PBXBuildFile section */

/* Begin PBXContainerItemProxy section */
		ABBEE5D71A130BE800B3AA1C /* PBXContainerItemProxy */ = {
			isa = PBXContainerItemProxy;
			containerPortal = ABBEE5A91A130BE800B3AA1C /* Project object */;
			proxyType = 1;
			remoteGlobalIDString = ABBEE5B01A130BE800B3AA1C;
			remoteInfo = FBButlerIpad;
		};
/* End PBXContainerItemProxy section */

/* Begin PBXFileReference section */
		ABBEE5B11A130BE800B3AA1C /* FBButlerIpad.app */ = {isa = PBXFileReference; explicitFileType = wrapper.application; includeInIndex = 0; path = FBButlerIpad.app; sourceTree = BUILT_PRODUCTS_DIR; };
		ABBEE5B41A130BE800B3AA1C /* Foundation.framework */ = {isa = PBXFileReference; lastKnownFileType = wrapper.framework; name = Foundation.framework; path = System/Library/Frameworks/Foundation.framework; sourceTree = SDKROOT; };
		ABBEE5B61A130BE800B3AA1C /* CoreGraphics.framework */ = {isa = PBXFileReference; lastKnownFileType = wrapper.framework; name = CoreGraphics.framework; path = System/Library/Frameworks/CoreGraphics.framework; sourceTree = SDKROOT; };
		ABBEE5B81A130BE800B3AA1C /* UIKit.framework */ = {isa = PBXFileReference; lastKnownFileType = wrapper.framework; name = UIKit.framework; path = System/Library/Frameworks/UIKit.framework; sourceTree = SDKROOT; };
		ABBEE5BC1A130BE800B3AA1C /* FBButlerIpad-Info.plist */ = {isa = PBXFileReference; lastKnownFileType = text.plist.xml; path = "FBButlerIpad-Info.plist"; sourceTree = "<group>"; };
		ABBEE5BE1A130BE800B3AA1C /* en */ = {isa = PBXFileReference; lastKnownFileType = text.plist.strings; name = en; path = en.lproj/InfoPlist.strings; sourceTree = "<group>"; };
		ABBEE5C01A130BE800B3AA1C /* main.m */ = {isa = PBXFileReference; lastKnownFileType = sourcecode.c.objc; path = main.m; sourceTree = "<group>"; };
		ABBEE5C21A130BE800B3AA1C /* FBButlerIpad-Prefix.pch */ = {isa = PBXFileReference; lastKnownFileType = sourcecode.c.h; path = "FBButlerIpad-Prefix.pch"; sourceTree = "<group>"; };
		ABBEE5C31A130BE800B3AA1C /* AppDelegate.h */ = {isa = PBXFileReference; lastKnownFileType = sourcecode.c.h; path = AppDelegate.h; sourceTree = "<group>"; };
		ABBEE5C41A130BE800B3AA1C /* AppDelegate.m */ = {isa = PBXFileReference; lastKnownFileType = sourcecode.c.objc; path = AppDelegate.m; sourceTree = "<group>"; };
		ABBEE5C71A130BE800B3AA1C /* Base */ = {isa = PBXFileReference; lastKnownFileType = file.storyboard; name = Base; path = Base.lproj/Main.storyboard; sourceTree = "<group>"; };
		ABBEE5CC1A130BE800B3AA1C /* Images.xcassets */ = {isa = PBXFileReference; lastKnownFileType = folder.assetcatalog; path = Images.xcassets; sourceTree = "<group>"; };
		ABBEE5D21A130BE800B3AA1C /* FBButlerIpadTests.xctest */ = {isa = PBXFileReference; explicitFileType = wrapper.cfbundle; includeInIndex = 0; path = FBButlerIpadTests.xctest; sourceTree = BUILT_PRODUCTS_DIR; };
		ABBEE5D31A130BE800B3AA1C /* XCTest.framework */ = {isa = PBXFileReference; lastKnownFileType = wrapper.framework; name = XCTest.framework; path = Library/Frameworks/XCTest.framework; sourceTree = DEVELOPER_DIR; };
		ABBEE5DB1A130BE800B3AA1C /* FBButlerIpadTests-Info.plist */ = {isa = PBXFileReference; lastKnownFileType = text.plist.xml; path = "FBButlerIpadTests-Info.plist"; sourceTree = "<group>"; };
		ABBEE5DD1A130BE800B3AA1C /* en */ = {isa = PBXFileReference; lastKnownFileType = text.plist.strings; name = en; path = en.lproj/InfoPlist.strings; sourceTree = "<group>"; };
		ABBEE5DF1A130BE800B3AA1C /* FBButlerIpadTests.m */ = {isa = PBXFileReference; lastKnownFileType = sourcecode.c.objc; path = FBButlerIpadTests.m; sourceTree = "<group>"; };
		ABBEE5F41A13103F00B3AA1C /* GuestSideHomeImage.jpg */ = {isa = PBXFileReference; lastKnownFileType = image.jpeg; path = GuestSideHomeImage.jpg; sourceTree = "<group>"; };
		ABBEE5F61A13103F00B3AA1C /* JWMarriottLogo.png */ = {isa = PBXFileReference; lastKnownFileType = image.png; path = JWMarriottLogo.png; sourceTree = "<group>"; };
		ABBEE5F71A13103F00B3AA1C /* JWMarriottLogo.psd */ = {isa = PBXFileReference; lastKnownFileType = file; path = JWMarriottLogo.psd; sourceTree = "<group>"; };
		ABBEE5F91A13103F00B3AA1C /* NavBar_J.W.MarriottMenuGuide */ = {isa = PBXFileReference; lastKnownFileType = file; path = NavBar_J.W.MarriottMenuGuide; sourceTree = "<group>"; };
		ABBEE5FA1A13103F00B3AA1C /* NavBar_J.W.MarriottMenuGuide.png */ = {isa = PBXFileReference; lastKnownFileType = image.png; path = NavBar_J.W.MarriottMenuGuide.png; sourceTree = "<group>"; };
		ABBEE5FB1A13103F00B3AA1C /* NavBar_J.W.png */ = {isa = PBXFileReference; lastKnownFileType = image.png; path = NavBar_J.W.png; sourceTree = "<group>"; };
		ABBEE5FD1A13103F00B3AA1C /* NavBarBackground.png */ = {isa = PBXFileReference; lastKnownFileType = image.png; path = NavBarBackground.png; sourceTree = "<group>"; };
		ABBEE6001A13103F00B3AA1C /* Page1_RestaurantButton.png */ = {isa = PBXFileReference; lastKnownFileType = image.png; path = Page1_RestaurantButton.png; sourceTree = "<group>"; };
		ABBEE6121A1315A000B3AA1C /* Login.h */ = {isa = PBXFileReference; fileEncoding = 4; lastKnownFileType = sourcecode.c.h; name = Login.h; path = ../Login.h; sourceTree = "<group>"; };
		ABBEE6131A1315A000B3AA1C /* Login.m */ = {isa = PBXFileReference; fileEncoding = 4; lastKnownFileType = sourcecode.c.objc; name = Login.m; path = ../Login.m; sourceTree = "<group>"; };
		ABBEE6151A13166F00B3AA1C /* MenuGuide.h */ = {isa = PBXFileReference; fileEncoding = 4; lastKnownFileType = sourcecode.c.h; path = MenuGuide.h; sourceTree = "<group>"; };
		ABBEE6161A13166F00B3AA1C /* MenuGuide.m */ = {isa = PBXFileReference; fileEncoding = 4; lastKnownFileType = sourcecode.c.objc; path = MenuGuide.m; sourceTree = "<group>"; };
		ABCBAD4D1A13352800FA9401 /* CustomCellMenuGuide.h */ = {isa = PBXFileReference; fileEncoding = 4; lastKnownFileType = sourcecode.c.h; path = CustomCellMenuGuide.h; sourceTree = "<group>"; };
		ABCBAD4E1A13352800FA9401 /* CustomCellMenuGuide.m */ = {isa = PBXFileReference; fileEncoding = 4; lastKnownFileType = sourcecode.c.objc; path = CustomCellMenuGuide.m; sourceTree = "<group>"; };
		ABCBAD501A134BB600FA9401 /* MenuView.h */ = {isa = PBXFileReference; fileEncoding = 4; lastKnownFileType = sourcecode.c.h; path = MenuView.h; sourceTree = "<group>"; };
		ABCBAD511A134BB600FA9401 /* MenuView.m */ = {isa = PBXFileReference; fileEncoding = 4; lastKnownFileType = sourcecode.c.objc; path = MenuView.m; sourceTree = "<group>"; };
		ABCBAD561A134E8200FA9401 /* DivideDots.png */ = {isa = PBXFileReference; lastKnownFileType = image.png; path = DivideDots.png; sourceTree = "<group>"; };
		ABCBAD571A134E8200FA9401 /* DivideDots.psd */ = {isa = PBXFileReference; lastKnownFileType = file; path = DivideDots.psd; sourceTree = "<group>"; };
		ABCBAD591A134E8200FA9401 /* GrayOutMenuItem.png */ = {isa = PBXFileReference; lastKnownFileType = image.png; path = GrayOutMenuItem.png; sourceTree = "<group>"; };
		ABCBAD5A1A134E8200FA9401 /* GrayOutMenuItem.psd */ = {isa = PBXFileReference; lastKnownFileType = file; path = GrayOutMenuItem.psd; sourceTree = "<group>"; };
		ABCBAD5C1A134E8200FA9401 /* HomeNavButton.png */ = {isa = PBXFileReference; lastKnownFileType = image.png; path = HomeNavButton.png; sourceTree = "<group>"; };
		ABCBAD5D1A134E8200FA9401 /* HomeNavButton.psd */ = {isa = PBXFileReference; lastKnownFileType = file; path = HomeNavButton.psd; sourceTree = "<group>"; };
		ABCBAD5F1A134E8200FA9401 /* AntipastiMisti.jpg */ = {isa = PBXFileReference; lastKnownFileType = image.jpeg; path = AntipastiMisti.jpg; sourceTree = "<group>"; };
		ABCBAD601A134E8200FA9401 /* MusselsAlForno2.jpg */ = {isa = PBXFileReference; lastKnownFileType = image.jpeg; path = MusselsAlForno2.jpg; sourceTree = "<group>"; };
		ABCBAD611A134E8200FA9401 /* OystersRockefeller.jpg */ = {isa = PBXFileReference; lastKnownFileType = image.jpeg; path = OystersRockefeller.jpg; sourceTree = "<group>"; };
		ABCBAD621A134E8200FA9401 /* PrimoLettuces.jpg */ = {isa = PBXFileReference; lastKnownFileType = image.jpeg; path = PrimoLettuces.jpg; sourceTree = "<group>"; };
		ABCBAD631A134E8200FA9401 /* WagyuBeefTartare.jpg */ = {isa = PBXFileReference; lastKnownFileType = image.jpeg; path = WagyuBeefTartare.jpg; sourceTree = "<group>"; };
		ABCBAD641A134E8200FA9401 /* WildMushroomTart.jpg */ = {isa = PBXFileReference; lastKnownFileType = image.jpeg; path = WildMushroomTart.jpg; sourceTree = "<group>"; };
		ABCBAD651A134E8200FA9401 /* WineBraisedOctopus.jpg */ = {isa = PBXFileReference; lastKnownFileType = image.jpeg; path = WineBraisedOctopus.jpg; sourceTree = "<group>"; };
		ABCBAD671A134E8200FA9401 /* ItemName_MusselForno_Orange.png */ = {isa = PBXFileReference; lastKnownFileType = image.png; path = ItemName_MusselForno_Orange.png; sourceTree = "<group>"; };
		ABCBAD681A134E8200FA9401 /* ItemName_MusselForno_Orange.psd */ = {isa = PBXFileReference; lastKnownFileType = file; path = ItemName_MusselForno_Orange.psd; sourceTree = "<group>"; };
		ABCBAD691A134E8200FA9401 /* ItemName_OystersRocke_Beige.png */ = {isa = PBXFileReference; lastKnownFileType = image.png; path = ItemName_OystersRocke_Beige.png; sourceTree = "<group>"; };
		ABCBAD6A1A134E8200FA9401 /* ItemName_OystersRocke_Beige.psd */ = {isa = PBXFileReference; lastKnownFileType = file; path = ItemName_OystersRocke_Beige.psd; sourceTree = "<group>"; };
		ABCBAD6B1A134E8200FA9401 /* ItemName_OystersRocke_Orange.png */ = {isa = PBXFileReference; lastKnownFileType = image.png; path = ItemName_OystersRocke_Orange.png; sourceTree = "<group>"; };
		ABCBAD6C1A134E8200FA9401 /* ItemName_OystersRocke_Orange.psd */ = {isa = PBXFileReference; lastKnownFileType = file; path = ItemName_OystersRocke_Orange.psd; sourceTree = "<group>"; };
		ABCBAD6D1A134E8200FA9401 /* ItemName_PrimoLettuce_Beige.png */ = {isa = PBXFileReference; lastKnownFileType = image.png; path = ItemName_PrimoLettuce_Beige.png; sourceTree = "<group>"; };
		ABCBAD6E1A134E8200FA9401 /* ItemName_PrimoLettuce_Beige.psd */ = {isa = PBXFileReference; lastKnownFileType = file; path = ItemName_PrimoLettuce_Beige.psd; sourceTree = "<group>"; };
		ABCBAD6F1A134E8200FA9401 /* ItemName_PrimoLettuce_Orange.png */ = {isa = PBXFileReference; lastKnownFileType = image.png; path = ItemName_PrimoLettuce_Orange.png; sourceTree = "<group>"; };
		ABCBAD701A134E8200FA9401 /* ItemName_PrimoLettuce_Orange.psd */ = {isa = PBXFileReference; lastKnownFileType = file; path = ItemName_PrimoLettuce_Orange.psd; sourceTree = "<group>"; };
		ABCBAD721A134E8200FA9401 /* ItemName_BlankTab_Beige.png */ = {isa = PBXFileReference; lastKnownFileType = image.png; path = ItemName_BlankTab_Beige.png; sourceTree = "<group>"; };
		ABCBAD731A134E8200FA9401 /* ItemName_BlankTab_Beige.psd */ = {isa = PBXFileReference; lastKnownFileType = file; path = ItemName_BlankTab_Beige.psd; sourceTree = "<group>"; };
		ABCBAD751A134E8200FA9401 /* ItemName_BlankTab_Orange.png */ = {isa = PBXFileReference; lastKnownFileType = image.png; path = ItemName_BlankTab_Orange.png; sourceTree = "<group>"; };
		ABCBAD761A134E8200FA9401 /* ItemName_BlankTab_Orange.psd */ = {isa = PBXFileReference; lastKnownFileType = file; path = ItemName_BlankTab_Orange.psd; sourceTree = "<group>"; };
		ABCBAD771A134E8200FA9401 /* ItemNames_AntipastiMisti_Orange.png */ = {isa = PBXFileReference; lastKnownFileType = image.png; path = ItemNames_AntipastiMisti_Orange.png; sourceTree = "<group>"; };
		ABCBAD781A134E8200FA9401 /* ItemNames_AntipastiMisti_Orange.psd */ = {isa = PBXFileReference; lastKnownFileType = file; path = ItemNames_AntipastiMisti_Orange.psd; sourceTree = "<group>"; };
		ABCBAD791A134E8200FA9401 /* ItemNames_MusselsForno_Beige.png */ = {isa = PBXFileReference; lastKnownFileType = image.png; path = ItemNames_MusselsForno_Beige.png; sourceTree = "<group>"; };
		ABCBAD7A1A134E8200FA9401 /* ItemNames_MusselsForno_Beige.psd */ = {isa = PBXFileReference; lastKnownFileType = file; path = ItemNames_MusselsForno_Beige.psd; sourceTree = "<group>"; };
		ABCBAD7B1A134E8200FA9401 /* Page2_ItemName_AntipastiMisti_Beige.png */ = {isa = PBXFileReference; lastKnownFileType = image.png; path = Page2_ItemName_AntipastiMisti_Beige.png; sourceTree = "<group>"; };
		ABCBAD7C1A134E8200FA9401 /* Page2_ItemName_AntipastiMisti_Beige.psd */ = {isa = PBXFileReference; lastKnownFileType = file; path = Page2_ItemName_AntipastiMisti_Beige.psd; sourceTree = "<group>"; };
		ABCBAD811A134E8200FA9401 /* NavBar_Primo.png */ = {isa = PBXFileReference; lastKnownFileType = image.png; path = NavBar_Primo.png; sourceTree = "<group>"; };
		ABCBAD821A134E8200FA9401 /* NavBar_Primo.psd */ = {isa = PBXFileReference; lastKnownFileType = file; path = NavBar_Primo.psd; sourceTree = "<group>"; };
		ABCBAD841A134E8200FA9401 /* ReviewStars_2.png */ = {isa = PBXFileReference; lastKnownFileType = image.png; path = ReviewStars_2.png; sourceTree = "<group>"; };
		ABCBAD851A134E8200FA9401 /* ReviewStars_2.psd */ = {isa = PBXFileReference; lastKnownFileType = file; path = ReviewStars_2.psd; sourceTree = "<group>"; };
		ABCBAD871A134E8200FA9401 /* ReviewStars_3.png */ = {isa = PBXFileReference; lastKnownFileType = image.png; path = ReviewStars_3.png; sourceTree = "<group>"; };
		ABCBAD881A134E8200FA9401 /* ReviewStars_3.psd */ = {isa = PBXFileReference; lastKnownFileType = file; path = ReviewStars_3.psd; sourceTree = "<group>"; };
		ABCBAD8A1A134E8200FA9401 /* ReviewStars_4.png */ = {isa = PBXFileReference; lastKnownFileType = image.png; path = ReviewStars_4.png; sourceTree = "<group>"; };
		ABCBAD8B1A134E8200FA9401 /* ReviewStars_4.psd */ = {isa = PBXFileReference; lastKnownFileType = file; path = ReviewStars_4.psd; sourceTree = "<group>"; };
		ABCBAD8D1A134E8200FA9401 /* ReviewStars_5.png */ = {isa = PBXFileReference; lastKnownFileType = image.png; path = ReviewStars_5.png; sourceTree = "<group>"; };
		ABCBAD8E1A134E8200FA9401 /* ReviewStars_5.psd */ = {isa = PBXFileReference; lastKnownFileType = file; path = ReviewStars_5.psd; sourceTree = "<group>"; };
		ABCBAD901A134E8200FA9401 /* AppetizerTab_Beige.png */ = {isa = PBXFileReference; lastKnownFileType = image.png; path = AppetizerTab_Beige.png; sourceTree = "<group>"; };
		ABCBAD911A134E8200FA9401 /* AppetizerTab_Beige.psd */ = {isa = PBXFileReference; lastKnownFileType = file; path = AppetizerTab_Beige.psd; sourceTree = "<group>"; };
		ABCBAD921A134E8200FA9401 /* AppetizerTab_Orange.png */ = {isa = PBXFileReference; lastKnownFileType = image.png; path = AppetizerTab_Orange.png; sourceTree = "<group>"; };
		ABCBAD931A134E8200FA9401 /* AppetizerTab_Orange.psd */ = {isa = PBXFileReference; lastKnownFileType = file; path = AppetizerTab_Orange.psd; sourceTree = "<group>"; };
		ABCBAD941A134E8200FA9401 /* BeverageTab_Beige.png */ = {isa = PBXFileReference; lastKnownFileType = image.png; path = BeverageTab_Beige.png; sourceTree = "<group>"; };
		ABCBAD951A134E8200FA9401 /* BeverageTab_Beige.psd */ = {isa = PBXFileReference; lastKnownFileType = file; path = BeverageTab_Beige.psd; sourceTree = "<group>"; };
		ABCBAD961A134E8200FA9401 /* BeverageTab_Orange.png */ = {isa = PBXFileReference; lastKnownFileType = image.png; path = BeverageTab_Orange.png; sourceTree = "<group>"; };
		ABCBAD971A134E8200FA9401 /* BeverageTab_Orange.psd */ = {isa = PBXFileReference; lastKnownFileType = file; path = BeverageTab_Orange.psd; sourceTree = "<group>"; };
		ABCBAD981A134E8200FA9401 /* EntreeTab_Beige.png */ = {isa = PBXFileReference; lastKnownFileType = image.png; path = EntreeTab_Beige.png; sourceTree = "<group>"; };
		ABCBAD991A134E8200FA9401 /* EntreeTab_Beige.psd */ = {isa = PBXFileReference; lastKnownFileType = file; path = EntreeTab_Beige.psd; sourceTree = "<group>"; };
		ABCBAD9A1A134E8200FA9401 /* EntreeTab_Orange.png */ = {isa = PBXFileReference; lastKnownFileType = image.png; path = EntreeTab_Orange.png; sourceTree = "<group>"; };
		ABCBAD9B1A134E8200FA9401 /* EntreeTab_Orange.psd */ = {isa = PBXFileReference; lastKnownFileType = file; path = EntreeTab_Orange.psd; sourceTree = "<group>"; };
		ABCBAD9C1A134E8200FA9401 /* PastaTab_Beige.png */ = {isa = PBXFileReference; lastKnownFileType = image.png; path = PastaTab_Beige.png; sourceTree = "<group>"; };
		ABCBAD9D1A134E8200FA9401 /* PastaTab_Beige.psd */ = {isa = PBXFileReference; lastKnownFileType = file; path = PastaTab_Beige.psd; sourceTree = "<group>"; };
		ABCBAD9E1A134E8200FA9401 /* PastaTab_Orange.png */ = {isa = PBXFileReference; lastKnownFileType = image.png; path = PastaTab_Orange.png; sourceTree = "<group>"; };
		ABCBAD9F1A134E8200FA9401 /* PastaTab_Orange.psd */ = {isa = PBXFileReference; lastKnownFileType = file; path = PastaTab_Orange.psd; sourceTree = "<group>"; };
		ABCBADA11A134E8200FA9401 /* WhiteBackButton.png */ = {isa = PBXFileReference; lastKnownFileType = image.png; path = WhiteBackButton.png; sourceTree = "<group>"; };
		ABCBADA21A134E8200FA9401 /* WhiteBackButton.psd */ = {isa = PBXFileReference; lastKnownFileType = file; path = WhiteBackButton.psd; sourceTree = "<group>"; };
		ABCBADE21A13A4EB00FA9401 /* ItemCell.h */ = {isa = PBXFileReference; fileEncoding = 4; lastKnownFileType = sourcecode.c.h; path = ItemCell.h; sourceTree = "<group>"; };
		ABCBADE31A13A4EB00FA9401 /* ItemCell.m */ = {isa = PBXFileReference; fileEncoding = 4; lastKnownFileType = sourcecode.c.objc; path = ItemCell.m; sourceTree = "<group>"; };
		ABED2C2A1A2BE10A00947B47 /* ReviewSectionImage.png */ = {isa = PBXFileReference; lastKnownFileType = image.png; path = ReviewSectionImage.png; sourceTree = "<group>"; };
/* End PBXFileReference section */

/* Begin PBXFrameworksBuildPhase section */
		ABBEE5AE1A130BE800B3AA1C /* Frameworks */ = {
			isa = PBXFrameworksBuildPhase;
			buildActionMask = 2147483647;
			files = (
				ABBEE5B71A130BE800B3AA1C /* CoreGraphics.framework in Frameworks */,
				ABBEE5B91A130BE800B3AA1C /* UIKit.framework in Frameworks */,
				ABBEE5B51A130BE800B3AA1C /* Foundation.framework in Frameworks */,
			);
			runOnlyForDeploymentPostprocessing = 0;
		};
		ABBEE5CF1A130BE800B3AA1C /* Frameworks */ = {
			isa = PBXFrameworksBuildPhase;
			buildActionMask = 2147483647;
			files = (
				ABBEE5D41A130BE800B3AA1C /* XCTest.framework in Frameworks */,
				ABBEE5D61A130BE800B3AA1C /* UIKit.framework in Frameworks */,
				ABBEE5D51A130BE800B3AA1C /* Foundation.framework in Frameworks */,
			);
			runOnlyForDeploymentPostprocessing = 0;
		};
/* End PBXFrameworksBuildPhase section */

/* Begin PBXGroup section */
		AB4A7EFD1A131950000D2EB4 /* Menu Guide Page */ = {
			isa = PBXGroup;
			children = (
				ABBEE6151A13166F00B3AA1C /* MenuGuide.h */,
				ABBEE6161A13166F00B3AA1C /* MenuGuide.m */,
				ABCBAD4D1A13352800FA9401 /* CustomCellMenuGuide.h */,
				ABCBAD4E1A13352800FA9401 /* CustomCellMenuGuide.m */,
			);
			name = "Menu Guide Page";
			sourceTree = "<group>";
		};
		ABBEE5A81A130BE800B3AA1C = {
			isa = PBXGroup;
			children = (
				ABBEE5BA1A130BE800B3AA1C /* FBButlerIpad */,
				ABBEE5D91A130BE800B3AA1C /* FBButlerIpadTests */,
				ABBEE5B31A130BE800B3AA1C /* Frameworks */,
				ABBEE5B21A130BE800B3AA1C /* Products */,
			);
			sourceTree = "<group>";
		};
		ABBEE5B21A130BE800B3AA1C /* Products */ = {
			isa = PBXGroup;
			children = (
				ABBEE5B11A130BE800B3AA1C /* FBButlerIpad.app */,
				ABBEE5D21A130BE800B3AA1C /* FBButlerIpadTests.xctest */,
			);
			name = Products;
			sourceTree = "<group>";
		};
		ABBEE5B31A130BE800B3AA1C /* Frameworks */ = {
			isa = PBXGroup;
			children = (
				ABBEE5B41A130BE800B3AA1C /* Foundation.framework */,
				ABBEE5B61A130BE800B3AA1C /* CoreGraphics.framework */,
				ABBEE5B81A130BE800B3AA1C /* UIKit.framework */,
				ABBEE5D31A130BE800B3AA1C /* XCTest.framework */,
			);
			name = Frameworks;
			sourceTree = "<group>";
		};
		ABBEE5BA1A130BE800B3AA1C /* FBButlerIpad */ = {
			isa = PBXGroup;
			children = (
				ABBEE5F01A130FD600B3AA1C /* Customer Images */,
				ABBEE5E91A130D6000B3AA1C /* Customer Side */,
				ABBEE5C31A130BE800B3AA1C /* AppDelegate.h */,
				ABBEE5C41A130BE800B3AA1C /* AppDelegate.m */,
				ABBEE5C61A130BE800B3AA1C /* Main.storyboard */,
				ABBEE6121A1315A000B3AA1C /* Login.h */,
				ABBEE6131A1315A000B3AA1C /* Login.m */,
				ABBEE5CC1A130BE800B3AA1C /* Images.xcassets */,
				ABBEE5BB1A130BE800B3AA1C /* Supporting Files */,
			);
			path = FBButlerIpad;
			sourceTree = "<group>";
		};
		ABBEE5BB1A130BE800B3AA1C /* Supporting Files */ = {
			isa = PBXGroup;
			children = (
				ABBEE5BC1A130BE800B3AA1C /* FBButlerIpad-Info.plist */,
				ABBEE5BD1A130BE800B3AA1C /* InfoPlist.strings */,
				ABBEE5C01A130BE800B3AA1C /* main.m */,
				ABBEE5C21A130BE800B3AA1C /* FBButlerIpad-Prefix.pch */,
			);
			name = "Supporting Files";
			sourceTree = "<group>";
		};
		ABBEE5D91A130BE800B3AA1C /* FBButlerIpadTests */ = {
			isa = PBXGroup;
			children = (
				ABBEE5DF1A130BE800B3AA1C /* FBButlerIpadTests.m */,
				ABBEE5DA1A130BE800B3AA1C /* Supporting Files */,
			);
			path = FBButlerIpadTests;
			sourceTree = "<group>";
		};
		ABBEE5DA1A130BE800B3AA1C /* Supporting Files */ = {
			isa = PBXGroup;
			children = (
				ABBEE5DB1A130BE800B3AA1C /* FBButlerIpadTests-Info.plist */,
				ABBEE5DC1A130BE800B3AA1C /* InfoPlist.strings */,
			);
			name = "Supporting Files";
			sourceTree = "<group>";
		};
		ABBEE5E91A130D6000B3AA1C /* Customer Side */ = {
			isa = PBXGroup;
			children = (
				AB4A7EFD1A131950000D2EB4 /* Menu Guide Page */,
				ABCBAD531A134C3700FA9401 /* Menu View Page */,
			);
			name = "Customer Side";
			sourceTree = "<group>";
		};
		ABBEE5F01A130FD600B3AA1C /* Customer Images */ = {
			isa = PBXGroup;
			children = (
				ABBEE5F31A13103F00B3AA1C /* Page1 */,
				ABCBAD541A134E8200FA9401 /* Page2 */,
			);
			name = "Customer Images";
			sourceTree = "<group>";
		};
		ABBEE5F31A13103F00B3AA1C /* Page1 */ = {
			isa = PBXGroup;
			children = (
				ABED2C2A1A2BE10A00947B47 /* ReviewSectionImage.png */,
				ABBEE5F41A13103F00B3AA1C /* GuestSideHomeImage.jpg */,
				ABBEE5F51A13103F00B3AA1C /* JWMarriottLogo */,
				ABBEE5F81A13103F00B3AA1C /* NavBar */,
				ABBEE5FC1A13103F00B3AA1C /* NavBarBackground */,
				ABBEE5FF1A13103F00B3AA1C /* RestaurantButtonBackground */,
			);
			path = Page1;
			sourceTree = "<group>";
		};
		ABBEE5F51A13103F00B3AA1C /* JWMarriottLogo */ = {
			isa = PBXGroup;
			children = (
				ABBEE5F61A13103F00B3AA1C /* JWMarriottLogo.png */,
				ABBEE5F71A13103F00B3AA1C /* JWMarriottLogo.psd */,
			);
			path = JWMarriottLogo;
			sourceTree = "<group>";
		};
		ABBEE5F81A13103F00B3AA1C /* NavBar */ = {
			isa = PBXGroup;
			children = (
				ABBEE5F91A13103F00B3AA1C /* NavBar_J.W.MarriottMenuGuide */,
				ABBEE5FA1A13103F00B3AA1C /* NavBar_J.W.MarriottMenuGuide.png */,
				ABBEE5FB1A13103F00B3AA1C /* NavBar_J.W.png */,
			);
			path = NavBar;
			sourceTree = "<group>";
		};
		ABBEE5FC1A13103F00B3AA1C /* NavBarBackground */ = {
			isa = PBXGroup;
			children = (
				ABBEE5FD1A13103F00B3AA1C /* NavBarBackground.png */,
			);
			path = NavBarBackground;
			sourceTree = "<group>";
		};
		ABBEE5FF1A13103F00B3AA1C /* RestaurantButtonBackground */ = {
			isa = PBXGroup;
			children = (
				ABBEE6001A13103F00B3AA1C /* Page1_RestaurantButton.png */,
			);
			path = RestaurantButtonBackground;
			sourceTree = "<group>";
		};
		ABCBAD531A134C3700FA9401 /* Menu View Page */ = {
			isa = PBXGroup;
			children = (
				ABCBAD501A134BB600FA9401 /* MenuView.h */,
				ABCBAD511A134BB600FA9401 /* MenuView.m */,
				ABCBADE21A13A4EB00FA9401 /* ItemCell.h */,
				ABCBADE31A13A4EB00FA9401 /* ItemCell.m */,
			);
			name = "Menu View Page";
			sourceTree = "<group>";
		};
		ABCBAD541A134E8200FA9401 /* Page2 */ = {
			isa = PBXGroup;
			children = (
				ABCBAD551A134E8200FA9401 /* DividingDots */,
				ABCBAD581A134E8200FA9401 /* GrayOutMenuItem */,
				ABCBAD5B1A134E8200FA9401 /* HomeNavButton */,
				ABCBAD5E1A134E8200FA9401 /* Images */,
				ABCBAD661A134E8200FA9401 /* ItemNames */,
				ABCBAD801A134E8200FA9401 /* NavBarTitle */,
				ABCBAD831A134E8200FA9401 /* ReviewStars2 */,
				ABCBAD861A134E8200FA9401 /* ReviewStars3 */,
				ABCBAD891A134E8200FA9401 /* ReviewStars4 */,
				ABCBAD8C1A134E8200FA9401 /* ReviewStars5 */,
				ABCBAD8F1A134E8200FA9401 /* Tabs */,
				ABCBADA01A134E8200FA9401 /* WhiteBackButton */,
			);
			name = Page2;
			path = Page1/Page2;
			sourceTree = "<group>";
		};
		ABCBAD551A134E8200FA9401 /* DividingDots */ = {
			isa = PBXGroup;
			children = (
				ABCBAD561A134E8200FA9401 /* DivideDots.png */,
				ABCBAD571A134E8200FA9401 /* DivideDots.psd */,
			);
			path = DividingDots;
			sourceTree = "<group>";
		};
		ABCBAD581A134E8200FA9401 /* GrayOutMenuItem */ = {
			isa = PBXGroup;
			children = (
				ABCBAD591A134E8200FA9401 /* GrayOutMenuItem.png */,
				ABCBAD5A1A134E8200FA9401 /* GrayOutMenuItem.psd */,
			);
			path = GrayOutMenuItem;
			sourceTree = "<group>";
		};
		ABCBAD5B1A134E8200FA9401 /* HomeNavButton */ = {
			isa = PBXGroup;
			children = (
				ABCBAD5C1A134E8200FA9401 /* HomeNavButton.png */,
				ABCBAD5D1A134E8200FA9401 /* HomeNavButton.psd */,
			);
			path = HomeNavButton;
			sourceTree = "<group>";
		};
		ABCBAD5E1A134E8200FA9401 /* Images */ = {
			isa = PBXGroup;
			children = (
				ABCBAD5F1A134E8200FA9401 /* AntipastiMisti.jpg */,
				ABCBAD601A134E8200FA9401 /* MusselsAlForno2.jpg */,
				ABCBAD611A134E8200FA9401 /* OystersRockefeller.jpg */,
				ABCBAD621A134E8200FA9401 /* PrimoLettuces.jpg */,
				ABCBAD631A134E8200FA9401 /* WagyuBeefTartare.jpg */,
				ABCBAD641A134E8200FA9401 /* WildMushroomTart.jpg */,
				ABCBAD651A134E8200FA9401 /* WineBraisedOctopus.jpg */,
			);
			path = Images;
			sourceTree = "<group>";
		};
		ABCBAD661A134E8200FA9401 /* ItemNames */ = {
			isa = PBXGroup;
			children = (
				ABCBAD671A134E8200FA9401 /* ItemName_MusselForno_Orange.png */,
				ABCBAD681A134E8200FA9401 /* ItemName_MusselForno_Orange.psd */,
				ABCBAD691A134E8200FA9401 /* ItemName_OystersRocke_Beige.png */,
				ABCBAD6A1A134E8200FA9401 /* ItemName_OystersRocke_Beige.psd */,
				ABCBAD6B1A134E8200FA9401 /* ItemName_OystersRocke_Orange.png */,
				ABCBAD6C1A134E8200FA9401 /* ItemName_OystersRocke_Orange.psd */,
				ABCBAD6D1A134E8200FA9401 /* ItemName_PrimoLettuce_Beige.png */,
				ABCBAD6E1A134E8200FA9401 /* ItemName_PrimoLettuce_Beige.psd */,
				ABCBAD6F1A134E8200FA9401 /* ItemName_PrimoLettuce_Orange.png */,
				ABCBAD701A134E8200FA9401 /* ItemName_PrimoLettuce_Orange.psd */,
				ABCBAD711A134E8200FA9401 /* ItemNameBlankTabeBeige */,
				ABCBAD741A134E8200FA9401 /* ItemNameBlankTabOrange */,
				ABCBAD771A134E8200FA9401 /* ItemNames_AntipastiMisti_Orange.png */,
				ABCBAD781A134E8200FA9401 /* ItemNames_AntipastiMisti_Orange.psd */,
				ABCBAD791A134E8200FA9401 /* ItemNames_MusselsForno_Beige.png */,
				ABCBAD7A1A134E8200FA9401 /* ItemNames_MusselsForno_Beige.psd */,
				ABCBAD7B1A134E8200FA9401 /* Page2_ItemName_AntipastiMisti_Beige.png */,
				ABCBAD7C1A134E8200FA9401 /* Page2_ItemName_AntipastiMisti_Beige.psd */,
			);
			path = ItemNames;
			sourceTree = "<group>";
		};
		ABCBAD711A134E8200FA9401 /* ItemNameBlankTabeBeige */ = {
			isa = PBXGroup;
			children = (
				ABCBAD721A134E8200FA9401 /* ItemName_BlankTab_Beige.png */,
				ABCBAD731A134E8200FA9401 /* ItemName_BlankTab_Beige.psd */,
			);
			path = ItemNameBlankTabeBeige;
			sourceTree = "<group>";
		};
		ABCBAD741A134E8200FA9401 /* ItemNameBlankTabOrange */ = {
			isa = PBXGroup;
			children = (
				ABCBAD751A134E8200FA9401 /* ItemName_BlankTab_Orange.png */,
				ABCBAD761A134E8200FA9401 /* ItemName_BlankTab_Orange.psd */,
			);
			path = ItemNameBlankTabOrange;
			sourceTree = "<group>";
		};
		ABCBAD801A134E8200FA9401 /* NavBarTitle */ = {
			isa = PBXGroup;
			children = (
				ABCBAD811A134E8200FA9401 /* NavBar_Primo.png */,
				ABCBAD821A134E8200FA9401 /* NavBar_Primo.psd */,
			);
			path = NavBarTitle;
			sourceTree = "<group>";
		};
		ABCBAD831A134E8200FA9401 /* ReviewStars2 */ = {
			isa = PBXGroup;
			children = (
				ABCBAD841A134E8200FA9401 /* ReviewStars_2.png */,
				ABCBAD851A134E8200FA9401 /* ReviewStars_2.psd */,
			);
			path = ReviewStars2;
			sourceTree = "<group>";
		};
		ABCBAD861A134E8200FA9401 /* ReviewStars3 */ = {
			isa = PBXGroup;
			children = (
				ABCBAD871A134E8200FA9401 /* ReviewStars_3.png */,
				ABCBAD881A134E8200FA9401 /* ReviewStars_3.psd */,
			);
			path = ReviewStars3;
			sourceTree = "<group>";
		};
		ABCBAD891A134E8200FA9401 /* ReviewStars4 */ = {
			isa = PBXGroup;
			children = (
				ABCBAD8A1A134E8200FA9401 /* ReviewStars_4.png */,
				ABCBAD8B1A134E8200FA9401 /* ReviewStars_4.psd */,
			);
			path = ReviewStars4;
			sourceTree = "<group>";
		};
		ABCBAD8C1A134E8200FA9401 /* ReviewStars5 */ = {
			isa = PBXGroup;
			children = (
				ABCBAD8D1A134E8200FA9401 /* ReviewStars_5.png */,
				ABCBAD8E1A134E8200FA9401 /* ReviewStars_5.psd */,
			);
			path = ReviewStars5;
			sourceTree = "<group>";
		};
		ABCBAD8F1A134E8200FA9401 /* Tabs */ = {
			isa = PBXGroup;
			children = (
				ABCBAD901A134E8200FA9401 /* AppetizerTab_Beige.png */,
				ABCBAD911A134E8200FA9401 /* AppetizerTab_Beige.psd */,
				ABCBAD921A134E8200FA9401 /* AppetizerTab_Orange.png */,
				ABCBAD931A134E8200FA9401 /* AppetizerTab_Orange.psd */,
				ABCBAD941A134E8200FA9401 /* BeverageTab_Beige.png */,
				ABCBAD951A134E8200FA9401 /* BeverageTab_Beige.psd */,
				ABCBAD961A134E8200FA9401 /* BeverageTab_Orange.png */,
				ABCBAD971A134E8200FA9401 /* BeverageTab_Orange.psd */,
				ABCBAD981A134E8200FA9401 /* EntreeTab_Beige.png */,
				ABCBAD991A134E8200FA9401 /* EntreeTab_Beige.psd */,
				ABCBAD9A1A134E8200FA9401 /* EntreeTab_Orange.png */,
				ABCBAD9B1A134E8200FA9401 /* EntreeTab_Orange.psd */,
				ABCBAD9C1A134E8200FA9401 /* PastaTab_Beige.png */,
				ABCBAD9D1A134E8200FA9401 /* PastaTab_Beige.psd */,
				ABCBAD9E1A134E8200FA9401 /* PastaTab_Orange.png */,
				ABCBAD9F1A134E8200FA9401 /* PastaTab_Orange.psd */,
			);
			path = Tabs;
			sourceTree = "<group>";
		};
		ABCBADA01A134E8200FA9401 /* WhiteBackButton */ = {
			isa = PBXGroup;
			children = (
				ABCBADA11A134E8200FA9401 /* WhiteBackButton.png */,
				ABCBADA21A134E8200FA9401 /* WhiteBackButton.psd */,
			);
			path = WhiteBackButton;
			sourceTree = "<group>";
		};
/* End PBXGroup section */

/* Begin PBXNativeTarget section */
		ABBEE5B01A130BE800B3AA1C /* FBButlerIpad */ = {
			isa = PBXNativeTarget;
			buildConfigurationList = ABBEE5E31A130BE800B3AA1C /* Build configuration list for PBXNativeTarget "FBButlerIpad" */;
			buildPhases = (
				ABBEE5AD1A130BE800B3AA1C /* Sources */,
				ABBEE5AE1A130BE800B3AA1C /* Frameworks */,
				ABBEE5AF1A130BE800B3AA1C /* Resources */,
			);
			buildRules = (
			);
			dependencies = (
			);
			name = FBButlerIpad;
			productName = FBButlerIpad;
			productReference = ABBEE5B11A130BE800B3AA1C /* FBButlerIpad.app */;
			productType = "com.apple.product-type.application";
		};
		ABBEE5D11A130BE800B3AA1C /* FBButlerIpadTests */ = {
			isa = PBXNativeTarget;
			buildConfigurationList = ABBEE5E61A130BE800B3AA1C /* Build configuration list for PBXNativeTarget "FBButlerIpadTests" */;
			buildPhases = (
				ABBEE5CE1A130BE800B3AA1C /* Sources */,
				ABBEE5CF1A130BE800B3AA1C /* Frameworks */,
				ABBEE5D01A130BE800B3AA1C /* Resources */,
			);
			buildRules = (
			);
			dependencies = (
				ABBEE5D81A130BE800B3AA1C /* PBXTargetDependency */,
			);
			name = FBButlerIpadTests;
			productName = FBButlerIpadTests;
			productReference = ABBEE5D21A130BE800B3AA1C /* FBButlerIpadTests.xctest */;
			productType = "com.apple.product-type.bundle.unit-test";
		};
/* End PBXNativeTarget section */

/* Begin PBXProject section */
		ABBEE5A91A130BE800B3AA1C /* Project object */ = {
			isa = PBXProject;
			attributes = {
				LastUpgradeCheck = 0510;
				ORGANIZATIONNAME = "Hung Vo";
				TargetAttributes = {
					ABBEE5D11A130BE800B3AA1C = {
						TestTargetID = ABBEE5B01A130BE800B3AA1C;
					};
				};
			};
			buildConfigurationList = ABBEE5AC1A130BE800B3AA1C /* Build configuration list for PBXProject "FBButlerIpad" */;
			compatibilityVersion = "Xcode 3.2";
			developmentRegion = English;
			hasScannedForEncodings = 0;
			knownRegions = (
				en,
				Base,
			);
			mainGroup = ABBEE5A81A130BE800B3AA1C;
			productRefGroup = ABBEE5B21A130BE800B3AA1C /* Products */;
			projectDirPath = "";
			projectRoot = "";
			targets = (
				ABBEE5B01A130BE800B3AA1C /* FBButlerIpad */,
				ABBEE5D11A130BE800B3AA1C /* FBButlerIpadTests */,
			);
		};
/* End PBXProject section */

/* Begin PBXResourcesBuildPhase section */
		ABBEE5AF1A130BE800B3AA1C /* Resources */ = {
			isa = PBXResourcesBuildPhase;
			buildActionMask = 2147483647;
			files = (
				ABBEE6061A13103F00B3AA1C /* NavBar_J.W.MarriottMenuGuide.png in Resources */,
				ABCBADB61A134E8200FA9401 /* ItemName_PrimoLettuce_Beige.png in Resources */,
				ABCBADAA1A134E8200FA9401 /* MusselsAlForno2.jpg in Resources */,
				ABCBADC31A134E8200FA9401 /* Page2_ItemName_AntipastiMisti_Beige.psd in Resources */,
				ABCBADCE1A134E8200FA9401 /* ReviewStars_5.png in Resources */,
				ABCBADDE1A134E8200FA9401 /* PastaTab_Orange.png in Resources */,
				ABCBADA41A134E8200FA9401 /* DivideDots.psd in Resources */,
				ABCBADAE1A134E8200FA9401 /* WildMushroomTart.jpg in Resources */,
				ABCBADBB1A134E8200FA9401 /* ItemName_BlankTab_Beige.psd in Resources */,
				ABCBADD41A134E8200FA9401 /* BeverageTab_Beige.png in Resources */,
				ABBEE6081A13103F00B3AA1C /* NavBarBackground.png in Resources */,
				ABCBADCA1A134E8200FA9401 /* ReviewStars_3.png in Resources */,
				ABCBADD21A134E8200FA9401 /* AppetizerTab_Orange.png in Resources */,
				ABCBADD91A134E8200FA9401 /* EntreeTab_Beige.psd in Resources */,
				ABCBADBC1A134E8200FA9401 /* ItemName_BlankTab_Orange.png in Resources */,
				ABCBADA51A134E8200FA9401 /* GrayOutMenuItem.png in Resources */,
				ABCBADCD1A134E8200FA9401 /* ReviewStars_4.psd in Resources */,
				ABCBADB41A134E8200FA9401 /* ItemName_OystersRocke_Orange.png in Resources */,
				ABCBADD51A134E8200FA9401 /* BeverageTab_Beige.psd in Resources */,
				ABCBADC01A134E8200FA9401 /* ItemNames_MusselsForno_Beige.png in Resources */,
				ABCBADE01A134E8200FA9401 /* WhiteBackButton.png in Resources */,
				ABED2C2B1A2BE10A00947B47 /* ReviewSectionImage.png in Resources */,
				ABCBADBA1A134E8200FA9401 /* ItemName_BlankTab_Beige.png in Resources */,
				ABCBADD81A134E8200FA9401 /* EntreeTab_Beige.png in Resources */,
				ABCBADCF1A134E8200FA9401 /* ReviewStars_5.psd in Resources */,
				ABBEE6021A13103F00B3AA1C /* GuestSideHomeImage.jpg in Resources */,
				ABCBADD01A134E8200FA9401 /* AppetizerTab_Beige.png in Resources */,
				ABCBADAF1A134E8200FA9401 /* WineBraisedOctopus.jpg in Resources */,
				ABBEE6041A13103F00B3AA1C /* JWMarriottLogo.psd in Resources */,
				ABCBADB11A134E8200FA9401 /* ItemName_MusselForno_Orange.psd in Resources */,
				ABCBADCB1A134E8200FA9401 /* ReviewStars_3.psd in Resources */,
				ABCBADA31A134E8200FA9401 /* DivideDots.png in Resources */,
				ABCBADD11A134E8200FA9401 /* AppetizerTab_Beige.psd in Resources */,
				ABCBADB51A134E8200FA9401 /* ItemName_OystersRocke_Orange.psd in Resources */,
				ABCBADB01A134E8200FA9401 /* ItemName_MusselForno_Orange.png in Resources */,
				ABCBADC71A134E8200FA9401 /* NavBar_Primo.psd in Resources */,
				ABBEE60A1A13103F00B3AA1C /* Page1_RestaurantButton.png in Resources */,
				ABCBADDA1A134E8200FA9401 /* EntreeTab_Orange.png in Resources */,
				ABCBADB21A134E8200FA9401 /* ItemName_OystersRocke_Beige.png in Resources */,
				ABCBADB81A134E8200FA9401 /* ItemName_PrimoLettuce_Orange.png in Resources */,
				ABBEE5CD1A130BE800B3AA1C /* Images.xcassets in Resources */,
				ABCBADA81A134E8200FA9401 /* HomeNavButton.psd in Resources */,
				ABBEE5BF1A130BE800B3AA1C /* InfoPlist.strings in Resources */,
				ABCBADC21A134E8200FA9401 /* Page2_ItemName_AntipastiMisti_Beige.png in Resources */,
				ABCBADD61A134E8200FA9401 /* BeverageTab_Orange.png in Resources */,
				ABCBADBF1A134E8200FA9401 /* ItemNames_AntipastiMisti_Orange.psd in Resources */,
				ABCBADD31A134E8200FA9401 /* AppetizerTab_Orange.psd in Resources */,
				ABBEE6071A13103F00B3AA1C /* NavBar_J.W.png in Resources */,
				ABCBADDB1A134E8200FA9401 /* EntreeTab_Orange.psd in Resources */,
				ABCBADA91A134E8200FA9401 /* AntipastiMisti.jpg in Resources */,
				ABCBADCC1A134E8200FA9401 /* ReviewStars_4.png in Resources */,
				ABCBADC91A134E8200FA9401 /* ReviewStars_2.psd in Resources */,
				ABCBADC11A134E8200FA9401 /* ItemNames_MusselsForno_Beige.psd in Resources */,
				ABCBADBE1A134E8200FA9401 /* ItemNames_AntipastiMisti_Orange.png in Resources */,
				ABBEE6031A13103F00B3AA1C /* JWMarriottLogo.png in Resources */,
				ABCBADC61A134E8200FA9401 /* NavBar_Primo.png in Resources */,
				ABBEE5C81A130BE800B3AA1C /* Main.storyboard in Resources */,
				ABCBADAC1A134E8200FA9401 /* PrimoLettuces.jpg in Resources */,
				ABCBADC81A134E8200FA9401 /* ReviewStars_2.png in Resources */,
				ABCBADAB1A134E8200FA9401 /* OystersRockefeller.jpg in Resources */,
				ABCBADDF1A134E8200FA9401 /* PastaTab_Orange.psd in Resources */,
				ABCBADDD1A134E8200FA9401 /* PastaTab_Beige.psd in Resources */,
				ABCBADB31A134E8200FA9401 /* ItemName_OystersRocke_Beige.psd in Resources */,
				ABCBADB71A134E8200FA9401 /* ItemName_PrimoLettuce_Beige.psd in Resources */,
				ABCBADBD1A134E8200FA9401 /* ItemName_BlankTab_Orange.psd in Resources */,
				ABCBADA61A134E8200FA9401 /* GrayOutMenuItem.psd in Resources */,
				ABCBADDC1A134E8200FA9401 /* PastaTab_Beige.png in Resources */,
				ABCBADB91A134E8200FA9401 /* ItemName_PrimoLettuce_Orange.psd in Resources */,
				ABCBADAD1A134E8200FA9401 /* WagyuBeefTartare.jpg in Resources */,
				ABCBADE11A134E8200FA9401 /* WhiteBackButton.psd in Resources */,
				ABCBADA71A134E8200FA9401 /* HomeNavButton.png in Resources */,
				ABCBADD71A134E8200FA9401 /* BeverageTab_Orange.psd in Resources */,
				ABBEE6051A13103F00B3AA1C /* NavBar_J.W.MarriottMenuGuide in Resources */,
			);
			runOnlyForDeploymentPostprocessing = 0;
		};
		ABBEE5D01A130BE800B3AA1C /* Resources */ = {
			isa = PBXResourcesBuildPhase;
			buildActionMask = 2147483647;
			files = (
				ABBEE5DE1A130BE800B3AA1C /* InfoPlist.strings in Resources */,
			);
			runOnlyForDeploymentPostprocessing = 0;
		};
/* End PBXResourcesBuildPhase section */

/* Begin PBXSourcesBuildPhase section */
		ABBEE5AD1A130BE800B3AA1C /* Sources */ = {
			isa = PBXSourcesBuildPhase;
			buildActionMask = 2147483647;
			files = (
				ABBEE6141A1315A000B3AA1C /* Login.m in Sources */,
				ABBEE6171A13166F00B3AA1C /* MenuGuide.m in Sources */,
				ABCBAD4F1A13352800FA9401 /* CustomCellMenuGuide.m in Sources */,
				ABCBADE41A13A4EB00FA9401 /* ItemCell.m in Sources */,
				ABBEE5C51A130BE800B3AA1C /* AppDelegate.m in Sources */,
				ABBEE5C11A130BE800B3AA1C /* main.m in Sources */,
				ABCBAD521A134BB600FA9401 /* MenuView.m in Sources */,
			);
			runOnlyForDeploymentPostprocessing = 0;
		};
		ABBEE5CE1A130BE800B3AA1C /* Sources */ = {
			isa = PBXSourcesBuildPhase;
			buildActionMask = 2147483647;
			files = (
				ABBEE5E01A130BE800B3AA1C /* FBButlerIpadTests.m in Sources */,
			);
			runOnlyForDeploymentPostprocessing = 0;
		};
/* End PBXSourcesBuildPhase section */

/* Begin PBXTargetDependency section */
		ABBEE5D81A130BE800B3AA1C /* PBXTargetDependency */ = {
			isa = PBXTargetDependency;
			target = ABBEE5B01A130BE800B3AA1C /* FBButlerIpad */;
			targetProxy = ABBEE5D71A130BE800B3AA1C /* PBXContainerItemProxy */;
		};
/* End PBXTargetDependency section */

/* Begin PBXVariantGroup section */
		ABBEE5BD1A130BE800B3AA1C /* InfoPlist.strings */ = {
			isa = PBXVariantGroup;
			children = (
				ABBEE5BE1A130BE800B3AA1C /* en */,
			);
			name = InfoPlist.strings;
			sourceTree = "<group>";
		};
		ABBEE5C61A130BE800B3AA1C /* Main.storyboard */ = {
			isa = PBXVariantGroup;
			children = (
				ABBEE5C71A130BE800B3AA1C /* Base */,
			);
			name = Main.storyboard;
			sourceTree = "<group>";
		};
		ABBEE5DC1A130BE800B3AA1C /* InfoPlist.strings */ = {
			isa = PBXVariantGroup;
			children = (
				ABBEE5DD1A130BE800B3AA1C /* en */,
			);
			name = InfoPlist.strings;
			sourceTree = "<group>";
		};
/* End PBXVariantGroup section */

/* Begin XCBuildConfiguration section */
		ABBEE5E11A130BE800B3AA1C /* Debug */ = {
			isa = XCBuildConfiguration;
			buildSettings = {
				ALWAYS_SEARCH_USER_PATHS = NO;
				CLANG_CXX_LANGUAGE_STANDARD = "gnu++0x";
				CLANG_CXX_LIBRARY = "libc++";
				CLANG_ENABLE_MODULES = YES;
				CLANG_ENABLE_OBJC_ARC = YES;
				CLANG_WARN_BOOL_CONVERSION = YES;
				CLANG_WARN_CONSTANT_CONVERSION = YES;
				CLANG_WARN_DIRECT_OBJC_ISA_USAGE = YES_ERROR;
				CLANG_WARN_EMPTY_BODY = YES;
				CLANG_WARN_ENUM_CONVERSION = YES;
				CLANG_WARN_INT_CONVERSION = YES;
				CLANG_WARN_OBJC_ROOT_CLASS = YES_ERROR;
				CLANG_WARN__DUPLICATE_METHOD_MATCH = YES;
				"CODE_SIGN_IDENTITY[sdk=iphoneos*]" = "iPhone Developer";
				COPY_PHASE_STRIP = NO;
				GCC_C_LANGUAGE_STANDARD = gnu99;
				GCC_DYNAMIC_NO_PIC = NO;
				GCC_OPTIMIZATION_LEVEL = 0;
				GCC_PREPROCESSOR_DEFINITIONS = (
					"DEBUG=1",
					"$(inherited)",
				);
				GCC_SYMBOLS_PRIVATE_EXTERN = NO;
				GCC_WARN_64_TO_32_BIT_CONVERSION = YES;
				GCC_WARN_ABOUT_RETURN_TYPE = YES_ERROR;
				GCC_WARN_UNDECLARED_SELECTOR = YES;
				GCC_WARN_UNINITIALIZED_AUTOS = YES_AGGRESSIVE;
				GCC_WARN_UNUSED_FUNCTION = YES;
				GCC_WARN_UNUSED_VARIABLE = YES;
				IPHONEOS_DEPLOYMENT_TARGET = 7.1;
				ONLY_ACTIVE_ARCH = YES;
				SDKROOT = iphoneos;
				TARGETED_DEVICE_FAMILY = 2;
			};
			name = Debug;
		};
		ABBEE5E21A130BE800B3AA1C /* Release */ = {
			isa = XCBuildConfiguration;
			buildSettings = {
				ALWAYS_SEARCH_USER_PATHS = NO;
				CLANG_CXX_LANGUAGE_STANDARD = "gnu++0x";
				CLANG_CXX_LIBRARY = "libc++";
				CLANG_ENABLE_MODULES = YES;
				CLANG_ENABLE_OBJC_ARC = YES;
				CLANG_WARN_BOOL_CONVERSION = YES;
				CLANG_WARN_CONSTANT_CONVERSION = YES;
				CLANG_WARN_DIRECT_OBJC_ISA_USAGE = YES_ERROR;
				CLANG_WARN_EMPTY_BODY = YES;
				CLANG_WARN_ENUM_CONVERSION = YES;
				CLANG_WARN_INT_CONVERSION = YES;
				CLANG_WARN_OBJC_ROOT_CLASS = YES_ERROR;
				CLANG_WARN__DUPLICATE_METHOD_MATCH = YES;
				"CODE_SIGN_IDENTITY[sdk=iphoneos*]" = "iPhone Developer";
				COPY_PHASE_STRIP = YES;
				ENABLE_NS_ASSERTIONS = NO;
				GCC_C_LANGUAGE_STANDARD = gnu99;
				GCC_WARN_64_TO_32_BIT_CONVERSION = YES;
				GCC_WARN_ABOUT_RETURN_TYPE = YES_ERROR;
				GCC_WARN_UNDECLARED_SELECTOR = YES;
				GCC_WARN_UNINITIALIZED_AUTOS = YES_AGGRESSIVE;
				GCC_WARN_UNUSED_FUNCTION = YES;
				GCC_WARN_UNUSED_VARIABLE = YES;
				IPHONEOS_DEPLOYMENT_TARGET = 7.1;
				SDKROOT = iphoneos;
				TARGETED_DEVICE_FAMILY = 2;
				VALIDATE_PRODUCT = YES;
			};
			name = Release;
		};
		ABBEE5E41A130BE800B3AA1C /* Debug */ = {
			isa = XCBuildConfiguration;
			buildSettings = {
				ASSETCATALOG_COMPILER_APPICON_NAME = AppIcon;
				ASSETCATALOG_COMPILER_LAUNCHIMAGE_NAME = LaunchImage;
				GCC_PRECOMPILE_PREFIX_HEADER = YES;
				GCC_PREFIX_HEADER = "FBButlerIpad/FBButlerIpad-Prefix.pch";
				INFOPLIST_FILE = "FBButlerIpad/FBButlerIpad-Info.plist";
				IPHONEOS_DEPLOYMENT_TARGET = 7.0;
				PRODUCT_NAME = "$(TARGET_NAME)";
				WRAPPER_EXTENSION = app;
			};
			name = Debug;
		};
		ABBEE5E51A130BE800B3AA1C /* Release */ = {
			isa = XCBuildConfiguration;
			buildSettings = {
				ASSETCATALOG_COMPILER_APPICON_NAME = AppIcon;
				ASSETCATALOG_COMPILER_LAUNCHIMAGE_NAME = LaunchImage;
				GCC_PRECOMPILE_PREFIX_HEADER = YES;
				GCC_PREFIX_HEADER = "FBButlerIpad/FBButlerIpad-Prefix.pch";
				INFOPLIST_FILE = "FBButlerIpad/FBButlerIpad-Info.plist";
				IPHONEOS_DEPLOYMENT_TARGET = 7.0;
				PRODUCT_NAME = "$(TARGET_NAME)";
				WRAPPER_EXTENSION = app;
			};
			name = Release;
		};
		ABBEE5E71A130BE800B3AA1C /* Debug */ = {
			isa = XCBuildConfiguration;
			buildSettings = {
				BUNDLE_LOADER = "$(BUILT_PRODUCTS_DIR)/FBButlerIpad.app/FBButlerIpad";
				FRAMEWORK_SEARCH_PATHS = (
					"$(SDKROOT)/Developer/Library/Frameworks",
					"$(inherited)",
					"$(DEVELOPER_FRAMEWORKS_DIR)",
				);
				GCC_PRECOMPILE_PREFIX_HEADER = YES;
				GCC_PREFIX_HEADER = "FBButlerIpad/FBButlerIpad-Prefix.pch";
				GCC_PREPROCESSOR_DEFINITIONS = (
					"DEBUG=1",
					"$(inherited)",
				);
				INFOPLIST_FILE = "FBButlerIpadTests/FBButlerIpadTests-Info.plist";
				PRODUCT_NAME = "$(TARGET_NAME)";
				TEST_HOST = "$(BUNDLE_LOADER)";
				WRAPPER_EXTENSION = xctest;
			};
			name = Debug;
		};
		ABBEE5E81A130BE800B3AA1C /* Release */ = {
			isa = XCBuildConfiguration;
			buildSettings = {
				BUNDLE_LOADER = "$(BUILT_PRODUCTS_DIR)/FBButlerIpad.app/FBButlerIpad";
				FRAMEWORK_SEARCH_PATHS = (
					"$(SDKROOT)/Developer/Library/Frameworks",
					"$(inherited)",
					"$(DEVELOPER_FRAMEWORKS_DIR)",
				);
				GCC_PRECOMPILE_PREFIX_HEADER = YES;
				GCC_PREFIX_HEADER = "FBButlerIpad/FBButlerIpad-Prefix.pch";
				INFOPLIST_FILE = "FBButlerIpadTests/FBButlerIpadTests-Info.plist";
				PRODUCT_NAME = "$(TARGET_NAME)";
				TEST_HOST = "$(BUNDLE_LOADER)";
				WRAPPER_EXTENSION = xctest;
			};
			name = Release;
		};
/* End XCBuildConfiguration section */

/* Begin XCConfigurationList section */
		ABBEE5AC1A130BE800B3AA1C /* Build configuration list for PBXProject "FBButlerIpad" */ = {
			isa = XCConfigurationList;
			buildConfigurations = (
				ABBEE5E11A130BE800B3AA1C /* Debug */,
				ABBEE5E21A130BE800B3AA1C /* Release */,
			);
			defaultConfigurationIsVisible = 0;
			defaultConfigurationName = Release;
		};
		ABBEE5E31A130BE800B3AA1C /* Build configuration list for PBXNativeTarget "FBButlerIpad" */ = {
			isa = XCConfigurationList;
			buildConfigurations = (
				ABBEE5E41A130BE800B3AA1C /* Debug */,
				ABBEE5E51A130BE800B3AA1C /* Release */,
			);
			defaultConfigurationIsVisible = 0;
			defaultConfigurationName = Release;
		};
		ABBEE5E61A130BE800B3AA1C /* Build configuration list for PBXNativeTarget "FBButlerIpadTests" */ = {
			isa = XCConfigurationList;
			buildConfigurations = (
				ABBEE5E71A130BE800B3AA1C /* Debug */,
				ABBEE5E81A130BE800B3AA1C /* Release */,
			);
			defaultConfigurationIsVisible = 0;
			defaultConfigurationName = Release;
		};
/* End XCConfigurationList section */
	};
	rootObject = ABBEE5A91A130BE800B3AA1C /* Project object */;
}
